
Microsoft Visual Studio Solution File, Format Version 12.00
# Visual Studio Version 17
VisualStudioVersion = 17.0.32112.339
MinimumVisualStudioVersion = 10.0.40219.1
Project("{FAE04EC0-301F-11D3-BF4B-00C04F79EFBC}") = "AmbroBlogProject", "AmbroBlogProject.csproj", "{77C73AC9-AB72-4431-9D39-20D32AFCB93C}"
EndProject
Global
	GlobalSection(SolutionConfigurationPlatforms) = preSolution
		Debug|Any CPU = Debug|Any CPU
		Release|Any CPU = Release|Any CPU
	EndGlobalSection
	GlobalSection(ProjectConfigurationPlatforms) = postSolution
		{77C73AC9-AB72-4431-9D39-20D32AFCB93C}.Debug|Any CPU.ActiveCfg = Debug|Any CPU
		{77C73AC9-AB72-4431-9D39-20D32AFCB93C}.Debug|Any CPU.Build.0 = Debug|Any CPU
		{77C73AC9-AB72-4431-9D39-20D32AFCB93C}.Release|Any CPU.ActiveCfg = Release|Any CPU
		{77C73AC9-AB72-4431-9D39-20D32AFCB93C}.Release|Any CPU.Build.0 = Release|Any CPU
	EndGlobalSection
	GlobalSection(SolutionProperties) = preSolution
		HideSolutionNode = FALSE
	EndGlobalSection
	GlobalSection(ExtensibilityGlobals) = postSolution
		SolutionGuid = {0819A1E1-A8CB-48B3-AEF3-FC364C4D71E0}
	EndGlobalSection
EndGlobal
